
Microsoft Visual Studio Solution File, Format Version 12.00
# Visual Studio Version 16
VisualStudioVersion = 16.0.30804.86
MinimumVisualStudioVersion = 10.0.40219.1
Project("{2150E333-8FDC-42A3-9474-1A3956D46DE8}") = "Solution Items", "Solution Items", "{CF9FFF8D-3250-4E98-A1A5-D4E1EFAC4CE9}"
	ProjectSection(SolutionItems) = preProject
		LICENSE.md = LICENSE.md
		README.md = README.md
	EndProjectSection
EndProject
Project("{FAE04EC0-301F-11D3-BF4B-00C04F79EFBC}") = "SlugCI", "SlugCI\SlugCI.csproj", "{E49D30E2-CD05-4FD3-B6A0-701C3794700F}"
EndProject
Project("{FAE04EC0-301F-11D3-BF4B-00C04F79EFBC}") = "Test_SlugCI", "..\tests\Test_SlugCI\Test_SlugCI.csproj", "{2D46D1C3-A272-4905-8889-402C7C2AB4AE}"
EndProject
Global
	GlobalSection(SolutionConfigurationPlatforms) = preSolution
		Debug|Any CPU = Debug|Any CPU
		Release|Any CPU = Release|Any CPU
	EndGlobalSection
	GlobalSection(ProjectConfigurationPlatforms) = postSolution
		{E49D30E2-CD05-4FD3-B6A0-701C3794700F}.Debug|Any CPU.ActiveCfg = Debug|Any CPU
		{E49D30E2-CD05-4FD3-B6A0-701C3794700F}.Debug|Any CPU.Build.0 = Debug|Any CPU
		{E49D30E2-CD05-4FD3-B6A0-701C3794700F}.Release|Any CPU.ActiveCfg = Release|Any CPU
		{E49D30E2-CD05-4FD3-B6A0-701C3794700F}.Release|Any CPU.Build.0 = Release|Any CPU
		{2D46D1C3-A272-4905-8889-402C7C2AB4AE}.Debug|Any CPU.ActiveCfg = Debug|Any CPU
		{2D46D1C3-A272-4905-8889-402C7C2AB4AE}.Debug|Any CPU.Build.0 = Debug|Any CPU
		{2D46D1C3-A272-4905-8889-402C7C2AB4AE}.Release|Any CPU.ActiveCfg = Release|Any CPU
		{2D46D1C3-A272-4905-8889-402C7C2AB4AE}.Release|Any CPU.Build.0 = Release|Any CPU
	EndGlobalSection
	GlobalSection(SolutionProperties) = preSolution
		HideSolutionNode = FALSE
	EndGlobalSection
	GlobalSection(ExtensibilityGlobals) = postSolution
		SolutionGuid = {3CD9C36F-12AD-4FAF-A7E6-7ED5D2608438}
	EndGlobalSection
EndGlobal
